
Microsoft Visual Studio Solution File, Format Version 12.00
# Visual Studio 15
VisualStudioVersion = 15.0.27130.2026
MinimumVisualStudioVersion = 10.0.40219.1
Project("{2150E333-8FDC-42A3-9474-1A3956D46DE8}") = "Source", "Source", "{7B702943-4526-4B9D-B8DD-F50821850150}"
EndProject
Project("{2150E333-8FDC-42A3-9474-1A3956D46DE8}") = "Tests", "Tests", "{33AE8B80-1390-42EA-AE69-43DA12617BB0}"
	ProjectSection(SolutionItems) = preProject
		..\test\build.cake = ..\test\build.cake
	EndProjectSection
EndProject
Project("{2150E333-8FDC-42A3-9474-1A3956D46DE8}") = "Build", "Build", "{409BC6DA-7E95-4CE2-899A-2B962EAAE1B8}"
	ProjectSection(SolutionItems) = preProject
		..\.gitignore = ..\.gitignore
		..\appveyor.yml = ..\appveyor.yml
		..\build.cake = ..\build.cake
		..\cake.config = ..\cake.config
	EndProjectSection
EndProject
Project("{2150E333-8FDC-42A3-9474-1A3956D46DE8}") = "Docs", "Docs", "{04DD68ED-2973-4B5E-964B-9FA607BB218D}"
	ProjectSection(SolutionItems) = preProject
		..\LICENSE = ..\LICENSE
		..\README.md = ..\README.md
		..\ReleaseNotes.md = ..\ReleaseNotes.md
	EndProjectSection
EndProject
Project("{2150E333-8FDC-42A3-9474-1A3956D46DE8}") = "Nuget", "Nuget", "{3A8E8897-6C64-42B0-B336-7A46480003B9}"
	ProjectSection(SolutionItems) = preProject
		..\nuspec\Cake.Services.nuspec = ..\nuspec\Cake.Services.nuspec
	EndProjectSection
EndProject
Project("{9A19103F-16F7-4668-BE54-9A1E7A4F7556}") = "Cake.Services", "Cake.Services\Cake.Services.csproj", "{E710830A-E8ED-467F-BDCC-7DA0C86448C4}"
EndProject
Project("{9A19103F-16F7-4668-BE54-9A1E7A4F7556}") = "Cake.Services.Tests", "Cake.Services.Tests\Cake.Services.Tests.csproj", "{2900C134-C801-4A6E-BC3D-730820A398C7}"
EndProject
Global
	GlobalSection(SolutionConfigurationPlatforms) = preSolution
		Debug|Any CPU = Debug|Any CPU
		Release|Any CPU = Release|Any CPU
	EndGlobalSection
	GlobalSection(ProjectConfigurationPlatforms) = postSolution
		{E710830A-E8ED-467F-BDCC-7DA0C86448C4}.Debug|Any CPU.ActiveCfg = Debug|Any CPU
		{E710830A-E8ED-467F-BDCC-7DA0C86448C4}.Debug|Any CPU.Build.0 = Debug|Any CPU
		{E710830A-E8ED-467F-BDCC-7DA0C86448C4}.Release|Any CPU.ActiveCfg = Release|Any CPU
		{E710830A-E8ED-467F-BDCC-7DA0C86448C4}.Release|Any CPU.Build.0 = Release|Any CPU
		{2900C134-C801-4A6E-BC3D-730820A398C7}.Debug|Any CPU.ActiveCfg = Debug|Any CPU
		{2900C134-C801-4A6E-BC3D-730820A398C7}.Debug|Any CPU.Build.0 = Debug|Any CPU
		{2900C134-C801-4A6E-BC3D-730820A398C7}.Release|Any CPU.ActiveCfg = Release|Any CPU
		{2900C134-C801-4A6E-BC3D-730820A398C7}.Release|Any CPU.Build.0 = Release|Any CPU
	EndGlobalSection
	GlobalSection(SolutionProperties) = preSolution
		HideSolutionNode = FALSE
	EndGlobalSection
	GlobalSection(NestedProjects) = preSolution
		{E710830A-E8ED-467F-BDCC-7DA0C86448C4} = {7B702943-4526-4B9D-B8DD-F50821850150}
		{2900C134-C801-4A6E-BC3D-730820A398C7} = {33AE8B80-1390-42EA-AE69-43DA12617BB0}
	EndGlobalSection
	GlobalSection(ExtensibilityGlobals) = postSolution
		SolutionGuid = {64F71C97-33E9-4E78-8831-4A08785F315D}
	EndGlobalSection
EndGlobal
